// !$*UTF8*$!
{
	archiveVersion = 1;
	classes = {
	};
	objectVersion = 55;
	objects = {

/* Begin PBXBuildFile section */
		AEE707F3279C67CB004CA70C /* AppDelegate.swift in Sources */ = {isa = PBXBuildFile; fileRef = AEE707F2279C67CB004CA70C /* AppDelegate.swift */; };
		AEE707F5279C67CB004CA70C /* SceneDelegate.swift in Sources */ = {isa = PBXBuildFile; fileRef = AEE707F4279C67CB004CA70C /* SceneDelegate.swift */; };
		AEE707F7279C67CB004CA70C /* ViewController.swift in Sources */ = {isa = PBXBuildFile; fileRef = AEE707F6279C67CB004CA70C /* ViewController.swift */; };
		AEE707FA279C67CB004CA70C /* Main.storyboard in Resources */ = {isa = PBXBuildFile; fileRef = AEE707F8279C67CB004CA70C /* Main.storyboard */; };
		AEE707FC279C67CC004CA70C /* Assets.xcassets in Resources */ = {isa = PBXBuildFile; fileRef = AEE707FB279C67CC004CA70C /* Assets.xcassets */; };
		AEE707FF279C67CC004CA70C /* LaunchScreen.storyboard in Resources */ = {isa = PBXBuildFile; fileRef = AEE707FD279C67CC004CA70C /* LaunchScreen.storyboard */; };
		AEE7080D279C6A16004CA70C /* galaxy.jpeg in Resources */ = {isa = PBXBuildFile; fileRef = AEE7080B279C6A16004CA70C /* galaxy.jpeg */; };
		AEE70810279C6CE8004CA70C /* moon.png in Resources */ = {isa = PBXBuildFile; fileRef = AEE7080F279C6CE8004CA70C /* moon.png */; };
		AEE70812279C6DBD004CA70C /* earth.png in Resources */ = {isa = PBXBuildFile; fileRef = AEE70811279C6DBD004CA70C /* earth.png */; };
		AEE70814279C6E46004CA70C /* saturn.png in Resources */ = {isa = PBXBuildFile; fileRef = AEE70813279C6E46004CA70C /* saturn.png */; };
		AEE70816279C7379004CA70C /* MoonViewController.swift in Sources */ = {isa = PBXBuildFile; fileRef = AEE70815279C7379004CA70C /* MoonViewController.swift */; };
		AEE70818279C7391004CA70C /* EarthViewController.swift in Sources */ = {isa = PBXBuildFile; fileRef = AEE70817279C7391004CA70C /* EarthViewController.swift */; };
		AEE7081A279C739D004CA70C /* SaturnViewController.swift in Sources */ = {isa = PBXBuildFile; fileRef = AEE70819279C739D004CA70C /* SaturnViewController.swift */; };
/* End PBXBuildFile section */

/* Begin PBXFileReference section */
		AEE707EF279C67CB004CA70C /* Shell.app */ = {isa = PBXFileReference; explicitFileType = wrapper.application; includeInIndex = 0; path = Shell.app; sourceTree = BUILT_PRODUCTS_DIR; };
		AEE707F2279C67CB004CA70C /* AppDelegate.swift */ = {isa = PBXFileReference; lastKnownFileType = sourcecode.swift; path = AppDelegate.swift; sourceTree = "<group>"; };
		AEE707F4279C67CB004CA70C /* SceneDelegate.swift */ = {isa = PBXFileReference; lastKnownFileType = sourcecode.swift; path = SceneDelegate.swift; sourceTree = "<group>"; };
		AEE707F6279C67CB004CA70C /* ViewController.swift */ = {isa = PBXFileReference; lastKnownFileType = sourcecode.swift; path = ViewController.swift; sourceTree = "<group>"; };
		AEE707F9279C67CB004CA70C /* Base */ = {isa = PBXFileReference; lastKnownFileType = file.storyboard; name = Base; path = Base.lproj/Main.storyboard; sourceTree = "<group>"; };
		AEE707FB279C67CC004CA70C /* Assets.xcassets */ = {isa = PBXFileReference; lastKnownFileType = folder.assetcatalog; path = Assets.xcassets; sourceTree = "<group>"; };
		AEE707FE279C67CC004CA70C /* Base */ = {isa = PBXFileReference; lastKnownFileType = file.storyboard; name = Base; path = Base.lproj/LaunchScreen.storyboard; sourceTree = "<group>"; };
		AEE70800279C67CC004CA70C /* Info.plist */ = {isa = PBXFileReference; lastKnownFileType = text.plist.xml; path = Info.plist; sourceTree = "<group>"; };
		AEE7080B279C6A16004CA70C /* galaxy.jpeg */ = {isa = PBXFileReference; lastKnownFileType = image.jpeg; path = galaxy.jpeg; sourceTree = "<group>"; };
		AEE7080F279C6CE8004CA70C /* moon.png */ = {isa = PBXFileReference; lastKnownFileType = image.png; path = moon.png; sourceTree = "<group>"; };
		AEE70811279C6DBD004CA70C /* earth.png */ = {isa = PBXFileReference; lastKnownFileType = image.png; path = earth.png; sourceTree = "<group>"; };
		AEE70813279C6E46004CA70C /* saturn.png */ = {isa = PBXFileReference; lastKnownFileType = image.png; path = saturn.png; sourceTree = "<group>"; };
		AEE70815279C7379004CA70C /* MoonViewController.swift */ = {isa = PBXFileReference; lastKnownFileType = sourcecode.swift; path = MoonViewController.swift; sourceTree = "<group>"; };
		AEE70817279C7391004CA70C /* EarthViewController.swift */ = {isa = PBXFileReference; lastKnownFileType = sourcecode.swift; path = EarthViewController.swift; sourceTree = "<group>"; };
		AEE70819279C739D004CA70C /* SaturnViewController.swift */ = {isa = PBXFileReference; lastKnownFileType = sourcecode.swift; path = SaturnViewController.swift; sourceTree = "<group>"; };
/* End PBXFileReference section */

/* Begin PBXFrameworksBuildPhase section */
		AEE707EC279C67CB004CA70C /* Frameworks */ = {
			isa = PBXFrameworksBuildPhase;
			buildActionMask = 2147483647;
			files = (
			);
			runOnlyForDeploymentPostprocessing = 0;
		};
/* End PBXFrameworksBuildPhase section */

/* Begin PBXGroup section */
		AEE707E6279C67CB004CA70C = {
			isa = PBXGroup;
			children = (
				AEE707F1279C67CB004CA70C /* Template */,
				AEE707F0279C67CB004CA70C /* Products */,
			);
			sourceTree = "<group>";
		};
		AEE707F0279C67CB004CA70C /* Products */ = {
			isa = PBXGroup;
			children = (
				AEE707EF279C67CB004CA70C /* Shell.app */,
			);
			name = Products;
			sourceTree = "<group>";
		};
		AEE707F1279C67CB004CA70C /* Template */ = {
			isa = PBXGroup;
			children = (
				AEE7080A279C683C004CA70C /* Sounds */,
				AEE70809279C682D004CA70C /* images */,
				AEE70808279C6824004CA70C /* StoryBoards */,
				AEE70807279C681C004CA70C /* Classes */,
				AEE70806279C680F004CA70C /* View Controllers */,
				AEE70800279C67CC004CA70C /* Info.plist */,
			);
			path = Template;
			sourceTree = "<group>";
		};
		AEE70806279C680F004CA70C /* View Controllers */ = {
			isa = PBXGroup;
			children = (
				AEE707F6279C67CB004CA70C /* ViewController.swift */,
				AEE70815279C7379004CA70C /* MoonViewController.swift */,
				AEE70817279C7391004CA70C /* EarthViewController.swift */,
				AEE70819279C739D004CA70C /* SaturnViewController.swift */,
			);
			path = "View Controllers";
			sourceTree = "<group>";
		};
		AEE70807279C681C004CA70C /* Classes */ = {
			isa = PBXGroup;
			children = (
				AEE707F4279C67CB004CA70C /* SceneDelegate.swift */,
				AEE707F2279C67CB004CA70C /* AppDelegate.swift */,
			);
			path = Classes;
			sourceTree = "<group>";
		};
		AEE70808279C6824004CA70C /* StoryBoards */ = {
			isa = PBXGroup;
			children = (
				AEE707F8279C67CB004CA70C /* Main.storyboard */,
				AEE707FD279C67CC004CA70C /* LaunchScreen.storyboard */,
			);
			path = StoryBoards;
			sourceTree = "<group>";
		};
		AEE70809279C682D004CA70C /* images */ = {
			isa = PBXGroup;
			children = (
				AEE70813279C6E46004CA70C /* saturn.png */,
				AEE70811279C6DBD004CA70C /* earth.png */,
				AEE7080F279C6CE8004CA70C /* moon.png */,
				AEE7080B279C6A16004CA70C /* galaxy.jpeg */,
				AEE707FB279C67CC004CA70C /* Assets.xcassets */,
			);
			path = images;
			sourceTree = "<group>";
		};
		AEE7080A279C683C004CA70C /* Sounds */ = {
			isa = PBXGroup;
			children = (
			);
			path = Sounds;
			sourceTree = "<group>";
		};
/* End PBXGroup section */

/* Begin PBXNativeTarget section */
		AEE707EE279C67CB004CA70C /* Shell */ = {
			isa = PBXNativeTarget;
			buildConfigurationList = AEE70803279C67CC004CA70C /* Build configuration list for PBXNativeTarget "Shell" */;
			buildPhases = (
				AEE707EB279C67CB004CA70C /* Sources */,
				AEE707EC279C67CB004CA70C /* Frameworks */,
				AEE707ED279C67CB004CA70C /* Resources */,
			);
			buildRules = (
			);
			dependencies = (
			);
			name = Shell;
			productName = Shell;
			productReference = AEE707EF279C67CB004CA70C /* Shell.app */;
			productType = "com.apple.product-type.application";
		};
/* End PBXNativeTarget section */

/* Begin PBXProject section */
		AEE707E7279C67CB004CA70C /* Project object */ = {
			isa = PBXProject;
			attributes = {
				BuildIndependentTargetsInParallel = 1;
				LastSwiftUpdateCheck = 1320;
				LastUpgradeCheck = 1320;
				TargetAttributes = {
					AEE707EE279C67CB004CA70C = {
						CreatedOnToolsVersion = 13.2.1;
					};
				};
			};
			buildConfigurationList = AEE707EA279C67CB004CA70C /* Build configuration list for PBXProject "Template" */;
			compatibilityVersion = "Xcode 13.0";
			developmentRegion = en;
			hasScannedForEncodings = 0;
			knownRegions = (
				en,
				Base,
			);
			mainGroup = AEE707E6279C67CB004CA70C;
			productRefGroup = AEE707F0279C67CB004CA70C /* Products */;
			projectDirPath = "";
			projectRoot = "";
			targets = (
				AEE707EE279C67CB004CA70C /* Shell */,
			);
		};
/* End PBXProject section */

/* Begin PBXResourcesBuildPhase section */
		AEE707ED279C67CB004CA70C /* Resources */ = {
			isa = PBXResourcesBuildPhase;
			buildActionMask = 2147483647;
			files = (
				AEE70814279C6E46004CA70C /* saturn.png in Resources */,
				AEE707FF279C67CC004CA70C /* LaunchScreen.storyboard in Resources */,
				AEE70810279C6CE8004CA70C /* moon.png in Resources */,
				AEE70812279C6DBD004CA70C /* earth.png in Resources */,
				AEE7080D279C6A16004CA70C /* galaxy.jpeg in Resources */,
				AEE707FC279C67CC004CA70C /* Assets.xcassets in Resources */,
				AEE707FA279C67CB004CA70C /* Main.storyboard in Resources */,
			);
			runOnlyForDeploymentPostprocessing = 0;
		};
/* End PBXResourcesBuildPhase section */

/* Begin PBXSourcesBuildPhase section */
		AEE707EB279C67CB004CA70C /* Sources */ = {
			isa = PBXSourcesBuildPhase;
			buildActionMask = 2147483647;
			files = (
				AEE707F7279C67CB004CA70C /* ViewController.swift in Sources */,
				AEE70818279C7391004CA70C /* EarthViewController.swift in Sources */,
				AEE707F3279C67CB004CA70C /* AppDelegate.swift in Sources */,
				AEE707F5279C67CB004CA70C /* SceneDelegate.swift in Sources */,
				AEE70816279C7379004CA70C /* MoonViewController.swift in Sources */,
				AEE7081A279C739D004CA70C /* SaturnViewController.swift in Sources */,
			);
			runOnlyForDeploymentPostprocessing = 0;
		};
/* End PBXSourcesBuildPhase section */

/* Begin PBXVariantGroup section */
		AEE707F8279C67CB004CA70C /* Main.storyboard */ = {
			isa = PBXVariantGroup;
			children = (
				AEE707F9279C67CB004CA70C /* Base */,
			);
			name = Main.storyboard;
			sourceTree = "<group>";
		};
		AEE707FD279C67CC004CA70C /* LaunchScreen.storyboard */ = {
			isa = PBXVariantGroup;
			children = (
				AEE707FE279C67CC004CA70C /* Base */,
			);
			name = LaunchScreen.storyboard;
			sourceTree = "<group>";
		};
/* End PBXVariantGroup section */

/* Begin XCBuildConfiguration section */
		AEE70801279C67CC004CA70C /* Debug */ = {
			isa = XCBuildConfiguration;
			buildSettings = {
				ALWAYS_SEARCH_USER_PATHS = NO;
				CLANG_ANALYZER_NONNULL = YES;
				CLANG_ANALYZER_NUMBER_OBJECT_CONVERSION = YES_AGGRESSIVE;
				CLANG_CXX_LANGUAGE_STANDARD = "gnu++17";
				CLANG_CXX_LIBRARY = "libc++";
				CLANG_ENABLE_MODULES = YES;
				CLANG_ENABLE_OBJC_ARC = YES;
				CLANG_ENABLE_OBJC_WEAK = YES;
				CLANG_WARN_BLOCK_CAPTURE_AUTORELEASING = YES;
				CLANG_WARN_BOOL_CONVERSION = YES;
				CLANG_WARN_COMMA = YES;
				CLANG_WARN_CONSTANT_CONVERSION = YES;
				CLANG_WARN_DEPRECATED_OBJC_IMPLEMENTATIONS = YES;
				CLANG_WARN_DIRECT_OBJC_ISA_USAGE = YES_ERROR;
				CLANG_WARN_DOCUMENTATION_COMMENTS = YES;
				CLANG_WARN_EMPTY_BODY = YES;
				CLANG_WARN_ENUM_CONVERSION = YES;
				CLANG_WARN_INFINITE_RECURSION = YES;
				CLANG_WARN_INT_CONVERSION = YES;
				CLANG_WARN_NON_LITERAL_NULL_CONVERSION = YES;
				CLANG_WARN_OBJC_IMPLICIT_RETAIN_SELF = YES;
				CLANG_WARN_OBJC_LITERAL_CONVERSION = YES;
				CLANG_WARN_OBJC_ROOT_CLASS = YES_ERROR;
				CLANG_WARN_QUOTED_INCLUDE_IN_FRAMEWORK_HEADER = YES;
				CLANG_WARN_RANGE_LOOP_ANALYSIS = YES;
				CLANG_WARN_STRICT_PROTOTYPES = YES;
				CLANG_WARN_SUSPICIOUS_MOVE = YES;
				CLANG_WARN_UNGUARDED_AVAILABILITY = YES_AGGRESSIVE;
				CLANG_WARN_UNREACHABLE_CODE = YES;
				CLANG_WARN__DUPLICATE_METHOD_MATCH = YES;
				COPY_PHASE_STRIP = NO;
				DEBUG_INFORMATION_FORMAT = dwarf;
				ENABLE_STRICT_OBJC_MSGSEND = YES;
				ENABLE_TESTABILITY = YES;
				GCC_C_LANGUAGE_STANDARD = gnu11;
				GCC_DYNAMIC_NO_PIC = NO;
				GCC_NO_COMMON_BLOCKS = YES;
				GCC_OPTIMIZATION_LEVEL = 0;
				GCC_PREPROCESSOR_DEFINITIONS = (
					"DEBUG=1",
					"$(inherited)",
				);
				GCC_WARN_64_TO_32_BIT_CONVERSION = YES;
				GCC_WARN_ABOUT_RETURN_TYPE = YES_ERROR;
				GCC_WARN_UNDECLARED_SELECTOR = YES;
				GCC_WARN_UNINITIALIZED_AUTOS = YES_AGGRESSIVE;
				GCC_WARN_UNUSED_FUNCTION = YES;
				GCC_WARN_UNUSED_VARIABLE = YES;
				IPHONEOS_DEPLOYMENT_TARGET = 15.2;
				MTL_ENABLE_DEBUG_INFO = INCLUDE_SOURCE;
				MTL_FAST_MATH = YES;
				ONLY_ACTIVE_ARCH = YES;
				SDKROOT = iphoneos;
				SWIFT_ACTIVE_COMPILATION_CONDITIONS = DEBUG;
				SWIFT_OPTIMIZATION_LEVEL = "-Onone";
			};
			name = Debug;
		};
		AEE70802279C67CC004CA70C /* Release */ = {
			isa = XCBuildConfiguration;
			buildSettings = {
				ALWAYS_SEARCH_USER_PATHS = NO;
				CLANG_ANALYZER_NONNULL = YES;
				CLANG_ANALYZER_NUMBER_OBJECT_CONVERSION = YES_AGGRESSIVE;
				CLANG_CXX_LANGUAGE_STANDARD = "gnu++17";
				CLANG_CXX_LIBRARY = "libc++";
				CLANG_ENABLE_MODULES = YES;
				CLANG_ENABLE_OBJC_ARC = YES;
				CLANG_ENABLE_OBJC_WEAK = YES;
				CLANG_WARN_BLOCK_CAPTURE_AUTORELEASING = YES;
				CLANG_WARN_BOOL_CONVERSION = YES;
				CLANG_WARN_COMMA = YES;
				CLANG_WARN_CONSTANT_CONVERSION = YES;
				CLANG_WARN_DEPRECATED_OBJC_IMPLEMENTATIONS = YES;
				CLANG_WARN_DIRECT_OBJC_ISA_USAGE = YES_ERROR;
				CLANG_WARN_DOCUMENTATION_COMMENTS = YES;
				CLANG_WARN_EMPTY_BODY = YES;
				CLANG_WARN_ENUM_CONVERSION = YES;
				CLANG_WARN_INFINITE_RECURSION = YES;
				CLANG_WARN_INT_CONVERSION = YES;
				CLANG_WARN_NON_LITERAL_NULL_CONVERSION = YES;
				CLANG_WARN_OBJC_IMPLICIT_RETAIN_SELF = YES;
				CLANG_WARN_OBJC_LITERAL_CONVERSION = YES;
				CLANG_WARN_OBJC_ROOT_CLASS = YES_ERROR;
				CLANG_WARN_QUOTED_INCLUDE_IN_FRAMEWORK_HEADER = YES;
				CLANG_WARN_RANGE_LOOP_ANALYSIS = YES;
				CLANG_WARN_STRICT_PROTOTYPES = YES;
				CLANG_WARN_SUSPICIOUS_MOVE = YES;
				CLANG_WARN_UNGUARDED_AVAILABILITY = YES_AGGRESSIVE;
				CLANG_WARN_UNREACHABLE_CODE = YES;
				CLANG_WARN__DUPLICATE_METHOD_MATCH = YES;
				COPY_PHASE_STRIP = NO;
				DEBUG_INFORMATION_FORMAT = "dwarf-with-dsym";
				ENABLE_NS_ASSERTIONS = NO;
				ENABLE_STRICT_OBJC_MSGSEND = YES;
				GCC_C_LANGUAGE_STANDARD = gnu11;
				GCC_NO_COMMON_BLOCKS = YES;
				GCC_WARN_64_TO_32_BIT_CONVERSION = YES;
				GCC_WARN_ABOUT_RETURN_TYPE = YES_ERROR;
				GCC_WARN_UNDECLARED_SELECTOR = YES;
				GCC_WARN_UNINITIALIZED_AUTOS = YES_AGGRESSIVE;
				GCC_WARN_UNUSED_FUNCTION = YES;
				GCC_WARN_UNUSED_VARIABLE = YES;
				IPHONEOS_DEPLOYMENT_TARGET = 15.2;
				MTL_ENABLE_DEBUG_INFO = NO;
				MTL_FAST_MATH = YES;
				SDKROOT = iphoneos;
				SWIFT_COMPILATION_MODE = wholemodule;
				SWIFT_OPTIMIZATION_LEVEL = "-O";
				VALIDATE_PRODUCT = YES;
			};
			name = Release;
		};
		AEE70804279C67CC004CA70C /* Debug */ = {
			isa = XCBuildConfiguration;
			buildSettings = {
				ASSETCATALOG_COMPILER_APPICON_NAME = AppIcon;
				ASSETCATALOG_COMPILER_GLOBAL_ACCENT_COLOR_NAME = AccentColor;
				CODE_SIGN_STYLE = Automatic;
				CURRENT_PROJECT_VERSION = 1;
				GENERATE_INFOPLIST_FILE = YES;
				INFOPLIST_FILE = Shell/Info.plist;
				INFOPLIST_KEY_UIApplicationSupportsIndirectInputEvents = YES;
				INFOPLIST_KEY_UILaunchStoryboardName = LaunchScreen;
				INFOPLIST_KEY_UIMainStoryboardFile = Main;
				INFOPLIST_KEY_UISupportedInterfaceOrientations = "UIInterfaceOrientationLandscapeLeft UIInterfaceOrientationLandscapeRight";
				INFOPLIST_KEY_UISupportedInterfaceOrientations_iPad = "UIInterfaceOrientationPortrait UIInterfaceOrientationPortraitUpsideDown UIInterfaceOrientationLandscapeLeft UIInterfaceOrientationLandscapeRight";
				INFOPLIST_KEY_UISupportedInterfaceOrientations_iPhone = "UIInterfaceOrientationPortrait UIInterfaceOrientationLandscapeLeft UIInterfaceOrientationLandscapeRight";
				LD_RUNPATH_SEARCH_PATHS = (
					"$(inherited)",
					"@executable_path/Frameworks",
				);
				MARKETING_VERSION = 1.0;
				PRODUCT_BUNDLE_IDENTIFIER = ca.sheridancollege.tapnioc.Shell;
				PRODUCT_NAME = "$(TARGET_NAME)";
				SWIFT_EMIT_LOC_STRINGS = YES;
				SWIFT_VERSION = 5.0;
				TARGETED_DEVICE_FAMILY = "1,2";
			};
			name = Debug;
		};
		AEE70805279C67CC004CA70C /* Release */ = {
			isa = XCBuildConfiguration;
			buildSettings = {
				ASSETCATALOG_COMPILER_APPICON_NAME = AppIcon;
				ASSETCATALOG_COMPILER_GLOBAL_ACCENT_COLOR_NAME = AccentColor;
				CODE_SIGN_STYLE = Automatic;
				CURRENT_PROJECT_VERSION = 1;
				GENERATE_INFOPLIST_FILE = YES;
				INFOPLIST_FILE = Shell/Info.plist;
				INFOPLIST_KEY_UIApplicationSupportsIndirectInputEvents = YES;
				INFOPLIST_KEY_UILaunchStoryboardName = LaunchScreen;
				INFOPLIST_KEY_UIMainStoryboardFile = Main;
				INFOPLIST_KEY_UISupportedInterfaceOrientations = "UIInterfaceOrientationLandscapeLeft UIInterfaceOrientationLandscapeRight";
				INFOPLIST_KEY_UISupportedInterfaceOrientations_iPad = "UIInterfaceOrientationPortrait UIInterfaceOrientationPortraitUpsideDown UIInterfaceOrientationLandscapeLeft UIInterfaceOrientationLandscapeRight";
				INFOPLIST_KEY_UISupportedInterfaceOrientations_iPhone = "UIInterfaceOrientationPortrait UIInterfaceOrientationLandscapeLeft UIInterfaceOrientationLandscapeRight";
				LD_RUNPATH_SEARCH_PATHS = (
					"$(inherited)",
					"@executable_path/Frameworks",
				);
				MARKETING_VERSION = 1.0;
				PRODUCT_BUNDLE_IDENTIFIER = ca.sheridancollege.tapnioc.Shell;
				PRODUCT_NAME = "$(TARGET_NAME)";
				SWIFT_EMIT_LOC_STRINGS = YES;
				SWIFT_VERSION = 5.0;
				TARGETED_DEVICE_FAMILY = "1,2";
			};
			name = Release;
		};
/* End XCBuildConfiguration section */

/* Begin XCConfigurationList section */
		AEE707EA279C67CB004CA70C /* Build configuration list for PBXProject "Template" */ = {
			isa = XCConfigurationList;
			buildConfigurations = (
				AEE70801279C67CC004CA70C /* Debug */,
				AEE70802279C67CC004CA70C /* Release */,
			);
			defaultConfigurationIsVisible = 0;
			defaultConfigurationName = Release;
		};
		AEE70803279C67CC004CA70C /* Build configuration list for PBXNativeTarget "Shell" */ = {
			isa = XCConfigurationList;
			buildConfigurations = (
				AEE70804279C67CC004CA70C /* Debug */,
				AEE70805279C67CC004CA70C /* Release */,
			);
			defaultConfigurationIsVisible = 0;
			defaultConfigurationName = Release;
		};
/* End XCConfigurationList section */
	};
	rootObject = AEE707E7279C67CB004CA70C /* Project object */;
}
